{
  "name": "task",
  "version": "1.0.0",
  "lockfileVersion": 1,
  "requires": true,
  "dependencies": {
    "commander": {
      "version": "2.0.0",
      "resolved": "http://registry.npmjs.org/commander/-/commander-2.0.0.tgz",
      "integrity": "sha1-0bhvkB+LZL2UG96tr5JFMDk76Sg="
    },
    "dispatch-proxy": {
      "version": "0.1.4",
      "resolved": "https://registry.npmjs.org/dispatch-proxy/-/dispatch-proxy-0.1.4.tgz",
      "integrity": "sha1-/2p6sf7Pm2kgLet4qgpnJGEMHSA=",
      "requires": {
        "commander": "2.0.0",
        "socks-handler": "0.2.1",
        "tmpl-log": "0.0.3"
      }
    },
    "find-free-port": {
      "version": "2.0.0",
      "resolved": "https://registry.npmjs.org/find-free-port/-/find-free-port-2.0.0.tgz",
      "integrity": "sha1-SyLl9leesaOMQaxryz7+0bbamxs="
    },
    "ip": {
      "version": "0.1.0",
      "resolved": "https://registry.npmjs.org/ip/-/ip-0.1.0.tgz",
      "integrity": "sha1-v3/MwWCAl+z46HMVLKARI0vZmkA="
    },
    "ping": {
      "version": "0.2.2",
      "resolved": "https://registry.npmjs.org/ping/-/ping-0.2.2.tgz",
      "integrity": "sha1-GA+3UIwdx0eThJvONcgHP5llvOI=",
      "requires": {
        "q": "1.x",
        "underscore": "^1.8.3"
      }
    },
    "q": {
      "version": "1.5.1",
      "resolved": "https://registry.npmjs.org/q/-/q-1.5.1.tgz",
      "integrity": "sha1-fjL3W0E4EpHQRhHxvxQQmsAGUdc="
    },
    "socks-handler": {
      "version": "0.2.1",
      "resolved": "https://registry.npmjs.org/socks-handler/-/socks-handler-0.2.1.tgz",
      "integrity": "sha1-v8Y7hOki6xtC2OmCD/3feBVw9Xs=",
      "requires": {
        "ip": "0.1.0",
        "through": "2.3.4"
      }
    },
    "through": {
      "version": "2.3.4",
      "resolved": "http://registry.npmjs.org/through/-/through-2.3.4.tgz",
      "integrity": "sha1-SV5A6Nio6uvHwnXqiMK4/BTFZFU="
    },
    "tmpl-log": {
      "version": "0.0.3",
      "resolved": "https://registry.npmjs.org/tmpl-log/-/tmpl-log-0.0.3.tgz",
      "integrity": "sha1-ISJuNa0eSRGhs3LGGls63k39FqU="
    },
    "underscore": {
      "version": "1.9.1",
      "resolved": "https://registry.npmjs.org/underscore/-/underscore-1.9.1.tgz",
      "integrity": "sha512-5/4etnCkd9c8gwgowi5/om/mYO5ajCaOgdzj/oW+0eQV9WxKBDZw5+ycmKmeaTXjInS/W0BzpGLo2xR2aBwZdg=="
    }
  }
}
